{
  "name": "server",
  "version": "1.0.0",
  "lockfileVersion": 1,
  "requires": true,
  "dependencies": {
    "accepts": {
      "version": "1.3.5",
      "resolved": "http://registry.npm.taobao.org/accepts/download/accepts-1.3.5.tgz",
      "integrity": "sha1-63d99gEXI6OxTopywIBcjoZ0a9I=",
      "requires": {
        "mime-types": "2.1.21",
        "negotiator": "0.6.1"
      }
    },
    "adler-32": {
      "version": "1.2.0",
      "resolved": "http://registry.npm.taobao.org/adler-32/download/adler-32-1.2.0.tgz",
      "integrity": "sha1-aj5r8KY5ALoVZSgIyxXGgT0aXyU=",
      "requires": {
        "exit-on-epipe": "1.0.1",
        "printj": "1.1.2"
      }
    },
    "after": {
      "version": "0.8.2",
      "resolved": "http://registry.npm.taobao.org/after/download/after-0.8.2.tgz",
      "integrity": "sha1-/ts5T58OAqqXaOcCvaI7UF+ufh8="
    },
    "arraybuffer.slice": {
      "version": "0.0.7",
      "resolved": "http://registry.npm.taobao.org/arraybuffer.slice/download/arraybuffer.slice-0.0.7.tgz",
      "integrity": "sha1-O7xCdd1YTMGxCAm4nU6LY6aednU="
    },
    "async": {
      "version": "2.6.1",
      "resolved": "http://registry.npm.taobao.org/async/download/async-2.6.1.tgz",
      "integrity": "sha1-skWiPKcZMAROxT+kaqAKPofGphA=",
      "requires": {
        "lodash": "4.17.11"
      }
    },
    "async-limiter": {
      "version": "1.0.0",
      "resolved": "http://registry.npm.taobao.org/async-limiter/download/async-limiter-1.0.0.tgz",
      "integrity": "sha1-ePrtjD0HSrgfIrTphdeehzj3IPg="
    },
    "backo2": {
      "version": "1.0.2",
      "resolved": "http://registry.npm.taobao.org/backo2/download/backo2-1.0.2.tgz",
      "integrity": "sha1-MasayLEpNjRj41s+u2n038+6eUc="
    },
    "base64-arraybuffer": {
      "version": "0.1.5",
      "resolved": "http://registry.npm.taobao.org/base64-arraybuffer/download/base64-arraybuffer-0.1.5.tgz",
      "integrity": "sha1-c5JncZI7Whl0etZmqlzUv5xunOg="
    },
    "base64id": {
      "version": "1.0.0",
      "resolved": "http://registry.npm.taobao.org/base64id/download/base64id-1.0.0.tgz",
      "integrity": "sha1-R2iMuZu2gE8OBtPnY7HDLlfY5rY="
    },
    "better-assert": {
      "version": "1.0.2",
      "resolved": "http://registry.npm.taobao.org/better-assert/download/better-assert-1.0.2.tgz",
      "integrity": "sha1-QIZrnhueC1W0gYlDEeaPr/rrxSI=",
      "requires": {
        "callsite": "1.0.0"
      }
    },
    "blob": {
      "version": "0.0.5",
      "resolved": "http://registry.npm.taobao.org/blob/download/blob-0.0.5.tgz",
      "integrity": "sha1-1oDu7yX4zZGtUz9bAe7UjmTK9oM="
    },
    "bluebird": {
      "version": "3.5.1",
      "resolved": "http://registry.npm.taobao.org/bluebird/download/bluebird-3.5.1.tgz",
      "integrity": "sha1-2VUfnemPH82h5oPRfukaBgLuLrk="
    },
    "bson": {
      "version": "1.1.0",
      "resolved": "http://registry.npm.taobao.org/bson/download/bson-1.1.0.tgz",
      "integrity": "sha1-vuV9H7aodxNHGvTjK8rjbegUtbA="
    },
    "buffer-from": {
      "version": "1.1.1",
      "resolved": "http://registry.npm.taobao.org/buffer-from/download/buffer-from-1.1.1.tgz",
      "integrity": "sha1-MnE7wCj3XAL9txDXx7zsHyxgcO8="
    },
    "callsite": {
      "version": "1.0.0",
      "resolved": "http://registry.npm.taobao.org/callsite/download/callsite-1.0.0.tgz",
      "integrity": "sha1-KAOY5dZkvXQDi28JBRU+borxvCA="
    },
    "cfb": {
      "version": "1.0.8",
      "resolved": "http://registry.npm.taobao.org/cfb/download/cfb-1.0.8.tgz",
      "integrity": "sha1-d/ITST1pfXVP2cD1UR6rWtctAs8=",
      "requires": {
        "commander": "2.15.1",
        "printj": "1.1.2"
      }
    },
    "codepage": {
      "version": "1.13.1",
      "resolved": "http://registry.npm.taobao.org/codepage/download/codepage-1.13.1.tgz",
      "integrity": "sha1-Txnbvj68KQncjr/EfqJtg4cV4/g=",
      "requires": {
        "commander": "2.14.1",
        "exit-on-epipe": "1.0.1"
      },
      "dependencies": {
        "commander": {
          "version": "2.14.1",
          "resolved": "http://registry.npm.taobao.org/commander/download/commander-2.14.1.tgz",
          "integrity": "sha1-IjUSPjevjKPGXfRbAm29NXsBuao="
        }
      }
    },
    "commander": {
      "version": "2.15.1",
      "resolved": "http://registry.npm.taobao.org/commander/download/commander-2.15.1.tgz",
      "integrity": "sha1-30boZ9D8Kuxmo0ZitAapzK//Ww8="
    },
    "component-bind": {
      "version": "1.0.0",
      "resolved": "http://registry.npm.taobao.org/component-bind/download/component-bind-1.0.0.tgz",
      "integrity": "sha1-AMYIq33Nk4l8AAllGx06jh5zu9E="
    },
    "component-emitter": {
      "version": "1.2.1",
      "resolved": "http://registry.npm.taobao.org/component-emitter/download/component-emitter-1.2.1.tgz",
      "integrity": "sha1-E3kY1teCg/ffemt8WmPhQOaUJeY="
    },
    "component-inherit": {
      "version": "0.0.3",
      "resolved": "http://registry.npm.taobao.org/component-inherit/download/component-inherit-0.0.3.tgz",
      "integrity": "sha1-ZF/ErfWLcrZJ1crmUTVhnbJv8UM="
    },
    "cookie": {
      "version": "0.3.1",
      "resolved": "http://registry.npm.taobao.org/cookie/download/cookie-0.3.1.tgz",
      "integrity": "sha1-5+Ch+e9DtMi6klxcWpboBtFoc7s="
    },
    "crc-32": {
      "version": "1.2.0",
      "resolved": "http://registry.npm.taobao.org/crc-32/download/crc-32-1.2.0.tgz",
      "integrity": "sha1-yy224puIUI4y2d0OwWk+e0Ghggg=",
      "requires": {
        "exit-on-epipe": "1.0.1",
        "printj": "1.1.2"
      }
    },
    "debug": {
      "version": "3.1.0",
      "resolved": "http://registry.npm.taobao.org/debug/download/debug-3.1.0.tgz",
      "integrity": "sha1-W7WgZyYotkFJVmuhaBnmFRjGcmE=",
      "requires": {
        "ms": "2.0.0"
      }
    },
    "engine.io": {
      "version": "3.3.2",
      "resolved": "http://registry.npm.taobao.org/engine.io/download/engine.io-3.3.2.tgz",
      "integrity": "sha1-GMvItvNulGHFwPgd8rgw3hYFilk=",
      "requires": {
        "accepts": "1.3.5",
        "base64id": "1.0.0",
        "cookie": "0.3.1",
        "debug": "3.1.0",
        "engine.io-parser": "2.1.3",
        "ws": "6.1.2"
      }
    },
    "engine.io-client": {
      "version": "3.3.2",
      "resolved": "http://registry.npm.taobao.org/engine.io-client/download/engine.io-client-3.3.2.tgz",
      "integrity": "sha1-BOBoeY11vtoUN1omS7PXQte8M6o=",
      "requires": {
        "component-emitter": "1.2.1",
        "component-inherit": "0.0.3",
        "debug": "3.1.0",
        "engine.io-parser": "2.1.3",
        "has-cors": "1.1.0",
        "indexof": "0.0.1",
        "parseqs": "0.0.5",
        "parseuri": "0.0.5",
        "ws": "6.1.2",
        "xmlhttprequest-ssl": "1.5.5",
        "yeast": "0.1.2"
      }
    },
    "engine.io-parser": {
      "version": "2.1.3",
      "resolved": "http://registry.npm.taobao.org/engine.io-parser/download/engine.io-parser-2.1.3.tgz",
      "integrity": "sha1-dXq5cPvy37Mse3SwMyFtVznveaY=",
      "requires": {
        "after": "0.8.2",
        "arraybuffer.slice": "0.0.7",
        "base64-arraybuffer": "0.1.5",
        "blob": "0.0.5",
        "has-binary2": "1.0.3"
      }
    },
    "exit-on-epipe": {
      "version": "1.0.1",
      "resolved": "http://registry.npm.taobao.org/exit-on-epipe/download/exit-on-epipe-1.0.1.tgz",
      "integrity": "sha1-C92S6H1ShdJn2qgXHQ6wYVlolpI="
    },
    "formidable": {
      "version": "1.2.1",
      "resolved": "http://registry.npm.taobao.org/formidable/download/formidable-1.2.1.tgz",
      "integrity": "sha1-cPt8oCkO5v+WEJBBX0s989IIJlk="
    },
    "frac": {
      "version": "1.1.2",
      "resolved": "http://registry.npm.taobao.org/frac/download/frac-1.1.2.tgz",
      "integrity": "sha1-PXT39keMiKG1AgMG10fcYxPHTQs="
    },
    "has-binary2": {
      "version": "1.0.3",
      "resolved": "http://registry.npm.taobao.org/has-binary2/download/has-binary2-1.0.3.tgz",
      "integrity": "sha1-d3asYn8+p3JQz8My2rfd9eT10R0=",
      "requires": {
        "isarray": "2.0.1"
      }
    },
    "has-cors": {
      "version": "1.1.0",
      "resolved": "http://registry.npm.taobao.org/has-cors/download/has-cors-1.1.0.tgz",
      "integrity": "sha1-XkdHk/fqmEPRu5nCPu9J/xJv/zk="
    },
    "indexof": {
      "version": "0.0.1",
      "resolved": "http://registry.npm.taobao.org/indexof/download/indexof-0.0.1.tgz",
      "integrity": "sha1-gtwzbSMrkGIXnQWrMpOmYFn9Q10="
    },
    "isarray": {
      "version": "2.0.1",
      "resolved": "http://registry.npm.taobao.org/isarray/download/isarray-2.0.1.tgz",
      "integrity": "sha1-o32U7ZzaLVmGXJ92/llu4fM4dB4="
    },
    "kareem": {
      "version": "2.3.0",
      "resolved": "http://registry.npm.taobao.org/kareem/download/kareem-2.3.0.tgz",
      "integrity": "sha1-7zPELpAk3OUR7q9EDNaE868fx2k="
    },
    "lodash": {
      "version": "4.17.11",
      "resolved": "http://registry.npm.taobao.org/lodash/download/lodash-4.17.11.tgz",
      "integrity": "sha1-s56mIp72B+zYniyN8SU2iRysm40="
    },
    "memory-pager": {
      "version": "1.5.0",
      "resolved": "http://registry.npm.taobao.org/memory-pager/download/memory-pager-1.5.0.tgz",
      "integrity": "sha1-2HUWVdItOEaCdByXLyw9bfo+ZrU=",
      "optional": true
    },
    "mime": {
      "version": "2.4.0",
      "resolved": "http://registry.npm.taobao.org/mime/download/mime-2.4.0.tgz",
      "integrity": "sha1-4FH9iBNYWF8yed8zP+aU2gvP/dY="
    },
    "mime-db": {
      "version": "1.37.0",
      "resolved": "http://registry.npm.taobao.org/mime-db/download/mime-db-1.37.0.tgz",
      "integrity": "sha1-C2oM5v2+lXbiXx8tL96IMNwK0Ng="
    },
    "mime-types": {
      "version": "2.1.21",
      "resolved": "http://registry.npm.taobao.org/mime-types/download/mime-types-2.1.21.tgz",
      "integrity": "sha1-KJlaoey3cHQv5q5+WPkYHHRLP5Y=",
      "requires": {
        "mime-db": "1.37.0"
      }
    },
    "mongodb": {
      "version": "3.1.12",
      "resolved": "http://registry.npm.taobao.org/mongodb/download/mongodb-3.1.12.tgz",
      "integrity": "sha1-jd252IkcNKdDfYVeLLVIOQCC20I=",
      "requires": {
        "mongodb-core": "3.1.11",
        "safe-buffer": "5.1.2"
      }
    },
    "mongodb-core": {
      "version": "3.1.11",
      "resolved": "http://registry.npm.taobao.org/mongodb-core/download/mongodb-core-3.1.11.tgz",
      "integrity": "sha1-slMDjbtNcynz0cLuVAC7DJIh/eU=",
      "requires": {
        "bson": "1.1.0",
        "require_optional": "1.0.1",
        "safe-buffer": "5.1.2",
        "saslprep": "1.0.2"
      }
    },
    "mongoose": {
      "version": "5.4.4",
      "resolved": "http://registry.npm.taobao.org/mongoose/download/mongoose-5.4.4.tgz",
      "integrity": "sha1-kjkjzTmgO5cMJp+CgyKZDqFj+ag=",
      "requires": {
        "async": "2.6.1",
        "bson": "1.1.0",
        "kareem": "2.3.0",
        "mongodb": "3.1.10",
        "mongodb-core": "3.1.9",
        "mongoose-legacy-pluralize": "1.0.2",
        "mpath": "0.5.1",
        "mquery": "3.2.0",
        "ms": "2.0.0",
        "regexp-clone": "0.0.1",
        "safe-buffer": "5.1.2",
        "sliced": "1.0.1"
      },
      "dependencies": {
        "mongodb": {
          "version": "3.1.10",
          "resolved": "http://registry.npm.taobao.org/mongodb/download/mongodb-3.1.10.tgz",
          "integrity": "sha1-Ra2bdOo3b0Ei0IgbdeVIm55QTtc=",
          "requires": {
            "mongodb-core": "3.1.9",
            "safe-buffer": "5.1.2"
          }
        },
        "mongodb-core": {
          "version": "3.1.9",
          "resolved": "http://registry.npm.taobao.org/mongodb-core/download/mongodb-core-3.1.9.tgz",
          "integrity": "sha1-wx7kB7+TKwFJ6u13XBfuCZdOTKM=",
          "requires": {
            "bson": "1.1.0",
            "require_optional": "1.0.1",
            "safe-buffer": "5.1.2",
            "saslprep": "1.0.2"
          }
        }
      }
    },
    "mongoose-legacy-pluralize": {
      "version": "1.0.2",
      "resolved": "http://registry.npm.taobao.org/mongoose-legacy-pluralize/download/mongoose-legacy-pluralize-1.0.2.tgz",
      "integrity": "sha1-O6n5H6UHtRhtOZ+0CFS/8Y+1Y+Q="
    },
    "mpath": {
      "version": "0.5.1",
      "resolved": "http://registry.npm.taobao.org/mpath/download/mpath-0.5.1.tgz",
      "integrity": "sha1-FxMVAfH/nm5PvI/6h1qnBltXdas="
    },
    "mquery": {
      "version": "3.2.0",
      "resolved": "http://registry.npm.taobao.org/mquery/download/mquery-3.2.0.tgz",
      "integrity": "sha1-4nZHKr1RCWhqFesqjgdh24E8gcw=",
      "requires": {
        "bluebird": "3.5.1",
        "debug": "3.1.0",
        "regexp-clone": "0.0.1",
        "safe-buffer": "5.1.2",
        "sliced": "1.0.1"
      }
    },
    "ms": {
      "version": "2.0.0",
      "resolved": "http://registry.npm.taobao.org/ms/download/ms-2.0.0.tgz",
      "integrity": "sha1-VgiurfwAvmwpAd9fmGF4jeDVl8g="
    },
    "negotiator": {
      "version": "0.6.1",
      "resolved": "http://registry.npm.taobao.org/negotiator/download/negotiator-0.6.1.tgz",
      "integrity": "sha1-KzJxhOiZIQEXeyhWP7XnECrNDKk="
    },
    "node-xlsx": {
      "version": "0.12.1",
      "resolved": "http://registry.npm.taobao.org/node-xlsx/download/node-xlsx-0.12.1.tgz",
      "integrity": "sha1-7Iyrr2YgSHUJTshQdm/Ou8qmzrU=",
      "requires": {
        "buffer-from": "1.1.1",
        "xlsx": "0.12.13"
      }
    },
    "object-component": {
      "version": "0.0.3",
      "resolved": "http://registry.npm.taobao.org/object-component/download/object-component-0.0.3.tgz",
      "integrity": "sha1-8MaapQ78lbhmwYb0AKM3acsvEpE="
    },
    "parseqs": {
      "version": "0.0.5",
      "resolved": "http://registry.npm.taobao.org/parseqs/download/parseqs-0.0.5.tgz",
      "integrity": "sha1-1SCKNzjkZ2bikbouoXNoSSGouJ0=",
      "requires": {
        "better-assert": "1.0.2"
      }
    },
    "parseuri": {
      "version": "0.0.5",
      "resolved": "http://registry.npm.taobao.org/parseuri/download/parseuri-0.0.5.tgz",
      "integrity": "sha1-gCBKUNTbt3m/3G6+J3jZDkvOMgo=",
      "requires": {
        "better-assert": "1.0.2"
      }
    },
    "printj": {
      "version": "1.1.2",
      "resolved": "http://registry.npm.taobao.org/printj/download/printj-1.1.2.tgz",
      "integrity": "sha1-2Q3rKXWoufYA+zoclOP0xTx4oiI="
    },
    "regexp-clone": {
      "version": "0.0.1",
      "resolved": "http://registry.npm.taobao.org/regexp-clone/download/regexp-clone-0.0.1.tgz",
      "integrity": "sha1-p8LgmJH9vzj7sQ03b7cwA+aKxYk="
    },
    "require_optional": {
      "version": "1.0.1",
      "resolved": "http://registry.npm.taobao.org/require_optional/download/require_optional-1.0.1.tgz",
      "integrity": "sha1-TPNaQkf2TKPfjC7yCMxJSxyo/C4=",
      "requires": {
        "resolve-from": "2.0.0",
        "semver": "5.6.0"
      }
    },
    "resolve-from": {
      "version": "2.0.0",
      "resolved": "http://registry.npm.taobao.org/resolve-from/download/resolve-from-2.0.0.tgz",
      "integrity": "sha1-lICrIOlP+h2egKgEx+oUdhGWa1c="
    },
    "safe-buffer": {
      "version": "5.1.2",
      "resolved": "http://registry.npm.taobao.org/safe-buffer/download/safe-buffer-5.1.2.tgz",
      "integrity": "sha1-mR7GnSluAxN0fVm9/St0XDX4go0="
    },
    "saslprep": {
      "version": "1.0.2",
      "resolved": "http://registry.npm.taobao.org/saslprep/download/saslprep-1.0.2.tgz",
      "integrity": "sha1-2lq5NubqC7rpEf/sd1NL43DJ9S0=",
      "optional": true,
      "requires": {
        "sparse-bitfield": "3.0.3"
      }
    },
    "semver": {
      "version": "5.6.0",
      "resolved": "http://registry.npm.taobao.org/semver/download/semver-5.6.0.tgz",
      "integrity": "sha1-fnQlb7qknHWqfHogXMInmcrIAAQ="
    },
    "sliced": {
      "version": "1.0.1",
      "resolved": "http://registry.npm.taobao.org/sliced/download/sliced-1.0.1.tgz",
      "integrity": "sha1-CzpmK10Ewxd7GSa+qCsD+Dei70E="
    },
    "socket.io": {
      "version": "2.2.0",
      "resolved": "http://registry.npm.taobao.org/socket.io/download/socket.io-2.2.0.tgz",
      "integrity": "sha1-8PYzFh72cSyXKzB1mOzQjJsbTVs=",
      "requires": {
        "debug": "4.1.1",
        "engine.io": "3.3.2",
        "has-binary2": "1.0.3",
        "socket.io-adapter": "1.1.1",
        "socket.io-client": "2.2.0",
        "socket.io-parser": "3.3.0"
      },
      "dependencies": {
        "debug": {
          "version": "4.1.1",
          "resolved": "http://registry.npm.taobao.org/debug/download/debug-4.1.1.tgz",
          "integrity": "sha1-O3ImAlUQnGtYnO4FDx1RYTlmR5E=",
          "requires": {
            "ms": "2.1.1"
          }
        },
        "ms": {
          "version": "2.1.1",
          "resolved": "http://registry.npm.taobao.org/ms/download/ms-2.1.1.tgz",
          "integrity": "sha1-MKWGTrPrsKZvLr5tcnrwagnYbgo="
        }
      }
    },
    "socket.io-adapter": {
      "version": "1.1.1",
      "resolved": "http://registry.npm.taobao.org/socket.io-adapter/download/socket.io-adapter-1.1.1.tgz",
      "integrity": "sha1-KoBeihTWNyEk3ZFZrUUC+MsH8Gs="
    },
    "socket.io-client": {
      "version": "2.2.0",
      "resolved": "http://registry.npm.taobao.org/socket.io-client/download/socket.io-client-2.2.0.tgz",
      "integrity": "sha1-hOc+48Q9UCDMwaJY+u65rsJyOvc=",
      "requires": {
        "backo2": "1.0.2",
        "base64-arraybuffer": "0.1.5",
        "component-bind": "1.0.0",
        "component-emitter": "1.2.1",
        "debug": "3.1.0",
        "engine.io-client": "3.3.2",
        "has-binary2": "1.0.3",
        "has-cors": "1.1.0",
        "indexof": "0.0.1",
        "object-component": "0.0.3",
        "parseqs": "0.0.5",
        "parseuri": "0.0.5",
        "socket.io-parser": "3.3.0",
        "to-array": "0.1.4"
      }
    },
    "socket.io-parser": {
      "version": "3.3.0",
      "resolved": "http://registry.npm.taobao.org/socket.io-parser/download/socket.io-parser-3.3.0.tgz",
      "integrity": "sha1-K1KpalCf3zFEC6QP7WCUx9TxJi8=",
      "requires": {
        "component-emitter": "1.2.1",
        "debug": "3.1.0",
        "isarray": "2.0.1"
      }
    },
    "sparse-bitfield": {
      "version": "3.0.3",
      "resolved": "http://registry.npm.taobao.org/sparse-bitfield/download/sparse-bitfield-3.0.3.tgz",
      "integrity": "sha1-/0rm5oZWBWuks+eSqzM004JzyhE=",
      "optional": true,
      "requires": {
        "memory-pager": "1.5.0"
      }
    },
    "ssf": {
      "version": "0.10.2",
      "resolved": "http://registry.npm.taobao.org/ssf/download/ssf-0.10.2.tgz",
      "integrity": "sha1-ZbK0/N/ZZ7yOg4OkE0kAmJMRWXY=",
      "requires": {
        "frac": "1.1.2"
      }
    },
    "to-array": {
      "version": "0.1.4",
      "resolved": "http://registry.npm.taobao.org/to-array/download/to-array-0.1.4.tgz",
      "integrity": "sha1-F+bBH3PdTz10zaek/zI46a2b+JA="
    },
    "ws": {
      "version": "6.1.2",
      "resolved": "http://registry.npm.taobao.org/ws/download/ws-6.1.2.tgz",
      "integrity": "sha1-PMdGLph5LwrGeUJBSJA97TucOtg=",
      "requires": {
        "async-limiter": "1.0.0"
      }
    },
    "xlsx": {
      "version": "0.12.13",
      "resolved": "http://registry.npm.taobao.org/xlsx/download/xlsx-0.12.13.tgz",
      "integrity": "sha1-9r7Hz42RbPYlaFEWFwzDsiQihlg=",
      "requires": {
        "adler-32": "1.2.0",
        "cfb": "1.0.8",
        "codepage": "1.13.1",
        "commander": "2.15.1",
        "crc-32": "1.2.0",
        "exit-on-epipe": "1.0.1",
        "ssf": "0.10.2"
      }
    },
    "xmlhttprequest-ssl": {
      "version": "1.5.5",
      "resolved": "http://registry.npm.taobao.org/xmlhttprequest-ssl/download/xmlhttprequest-ssl-1.5.5.tgz",
      "integrity": "sha1-wodrBhaKrcQOV9l+gRkayPQ5iz4="
    },
    "yeast": {
      "version": "0.1.2",
      "resolved": "http://registry.npm.taobao.org/yeast/download/yeast-0.1.2.tgz",
      "integrity": "sha1-AI4G2AlDIMNy28L47XagymyKxBk="
    }
  }
}
